
Microsoft Visual Studio Solution File, Format Version 12.00
# Visual Studio 15
VisualStudioVersion = 15.0.28307.902
MinimumVisualStudioVersion = 10.0.40219.1
Project("{FAE04EC0-301F-11D3-BF4B-00C04F79EFBC}") = "DAL", "DAL\DAL.csproj", "{99770324-25B2-488C-AC1E-159FA812937B}"
EndProject
Project("{FAE04EC0-301F-11D3-BF4B-00C04F79EFBC}") = "BL", "BL\BL.csproj", "{9C2D6145-E292-4520-90AA-B2279A64E9CF}"
EndProject
Project("{FAE04EC0-301F-11D3-BF4B-00C04F79EFBC}") = "API", "API\API.csproj", "{83498438-CAA9-476D-9859-D5E0B12794D2}"
EndProject
Project("{FAE04EC0-301F-11D3-BF4B-00C04F79EFBC}") = "trial", "trial\trial.csproj", "{DC1A5393-6187-4C6F-AD9C-19C9C9BE1CF2}"
EndProject
Project("{FAE04EC0-301F-11D3-BF4B-00C04F79EFBC}") = "DTOclass", "ClassLibrary1\DTOclass.csproj", "{4D13E4BA-2E4C-43DA-A0E5-B143C7E624FA}"
EndProject
Global
	GlobalSection(SolutionConfigurationPlatforms) = preSolution
		Debug|Any CPU = Debug|Any CPU
		Release|Any CPU = Release|Any CPU
	EndGlobalSection
	GlobalSection(ProjectConfigurationPlatforms) = postSolution
		{99770324-25B2-488C-AC1E-159FA812937B}.Debug|Any CPU.ActiveCfg = Debug|Any CPU
		{99770324-25B2-488C-AC1E-159FA812937B}.Debug|Any CPU.Build.0 = Debug|Any CPU
		{99770324-25B2-488C-AC1E-159FA812937B}.Release|Any CPU.ActiveCfg = Release|Any CPU
		{99770324-25B2-488C-AC1E-159FA812937B}.Release|Any CPU.Build.0 = Release|Any CPU
		{9C2D6145-E292-4520-90AA-B2279A64E9CF}.Debug|Any CPU.ActiveCfg = Debug|Any CPU
		{9C2D6145-E292-4520-90AA-B2279A64E9CF}.Debug|Any CPU.Build.0 = Debug|Any CPU
		{9C2D6145-E292-4520-90AA-B2279A64E9CF}.Release|Any CPU.ActiveCfg = Release|Any CPU
		{9C2D6145-E292-4520-90AA-B2279A64E9CF}.Release|Any CPU.Build.0 = Release|Any CPU
		{83498438-CAA9-476D-9859-D5E0B12794D2}.Debug|Any CPU.ActiveCfg = Debug|Any CPU
		{83498438-CAA9-476D-9859-D5E0B12794D2}.Debug|Any CPU.Build.0 = Debug|Any CPU
		{83498438-CAA9-476D-9859-D5E0B12794D2}.Release|Any CPU.ActiveCfg = Release|Any CPU
		{83498438-CAA9-476D-9859-D5E0B12794D2}.Release|Any CPU.Build.0 = Release|Any CPU
		{DC1A5393-6187-4C6F-AD9C-19C9C9BE1CF2}.Debug|Any CPU.ActiveCfg = Debug|Any CPU
		{DC1A5393-6187-4C6F-AD9C-19C9C9BE1CF2}.Debug|Any CPU.Build.0 = Debug|Any CPU
		{DC1A5393-6187-4C6F-AD9C-19C9C9BE1CF2}.Release|Any CPU.ActiveCfg = Release|Any CPU
		{DC1A5393-6187-4C6F-AD9C-19C9C9BE1CF2}.Release|Any CPU.Build.0 = Release|Any CPU
		{4D13E4BA-2E4C-43DA-A0E5-B143C7E624FA}.Debug|Any CPU.ActiveCfg = Debug|Any CPU
		{4D13E4BA-2E4C-43DA-A0E5-B143C7E624FA}.Debug|Any CPU.Build.0 = Debug|Any CPU
		{4D13E4BA-2E4C-43DA-A0E5-B143C7E624FA}.Release|Any CPU.ActiveCfg = Release|Any CPU
		{4D13E4BA-2E4C-43DA-A0E5-B143C7E624FA}.Release|Any CPU.Build.0 = Release|Any CPU
	EndGlobalSection
	GlobalSection(SolutionProperties) = preSolution
		HideSolutionNode = FALSE
	EndGlobalSection
	GlobalSection(ExtensibilityGlobals) = postSolution
		SolutionGuid = {75517DCB-24F0-4FC6-A508-D4D4177F13E9}
	EndGlobalSection
EndGlobal
